
Microsoft Visual Studio Solution File, Format Version 12.00
# Visual Studio Version 17
VisualStudioVersion = 17.8.34309.116
MinimumVisualStudioVersion = 10.0.40219.1
Project("{FAE04EC0-301F-11D3-BF4B-00C04F79EFBC}") = "NoLiferClubORM", "NoLiferClubORM\NoLiferClubORM.csproj", "{B5AC194F-1AC4-4985-8858-14D988EBE3A3}"
EndProject
Global
	GlobalSection(SolutionConfigurationPlatforms) = preSolution
		Debug|Any CPU = Debug|Any CPU
		Release|Any CPU = Release|Any CPU
	EndGlobalSection
	GlobalSection(ProjectConfigurationPlatforms) = postSolution
		{B5AC194F-1AC4-4985-8858-14D988EBE3A3}.Debug|Any CPU.ActiveCfg = Debug|Any CPU
		{B5AC194F-1AC4-4985-8858-14D988EBE3A3}.Debug|Any CPU.Build.0 = Debug|Any CPU
		{B5AC194F-1AC4-4985-8858-14D988EBE3A3}.Release|Any CPU.ActiveCfg = Release|Any CPU
		{B5AC194F-1AC4-4985-8858-14D988EBE3A3}.Release|Any CPU.Build.0 = Release|Any CPU
	EndGlobalSection
	GlobalSection(SolutionProperties) = preSolution
		HideSolutionNode = FALSE
	EndGlobalSection
	GlobalSection(ExtensibilityGlobals) = postSolution
		SolutionGuid = {D623BE9E-3BC6-4744-9D88-59D0FFBF63E0}
	EndGlobalSection
EndGlobal
